{
  "nodes": {
    "darwin": {
      "inputs": {
        "nixpkgs": [
          "nixpkgs"
        ]
      },
      "locked": {
        "lastModified": 1692248770,
        "narHash": "sha256-tZeFpETKQGbgnaSIO1AGWD27IyTcBm4D+A9d7ulQ4NM=",
        "owner": "lnl7",
        "repo": "nix-darwin",
        "rev": "511177ffe8226c78c9cf6a92a7b5f2df3684956b",
        "type": "github"
      },
      "original": {
        "owner": "lnl7",
        "ref": "master",
        "repo": "nix-darwin",
        "type": "github"
      }
    },
    "devenv": {
      "inputs": {
        "flake-compat": "flake-compat",
        "nix": "nix",
        "nixpkgs": "nixpkgs",
        "pre-commit-hooks": "pre-commit-hooks"
      },
      "locked": {
        "lastModified": 1688058187,
        "narHash": "sha256-ipDcc7qrucpJ0+0eYNlwnE+ISTcq4m03qW+CWUshRXI=",
        "owner": "cachix",
        "repo": "devenv",
        "rev": "c8778e3dc30eb9043e218aaa3861d42d4992de77",
        "type": "github"
      },
      "original": {
        "owner": "cachix",
        "ref": "latest",
        "repo": "devenv",
        "type": "github"
      }
    },
    "flake-compat": {
      "flake": false,
      "locked": {
        "lastModified": 1673956053,
        "narHash": "sha256-4gtG9iQuiKITOjNQQeQIpoIB6b16fm+504Ch3sNKLd8=",
        "owner": "edolstra",
        "repo": "flake-compat",
        "rev": "35bb57c0c8d8b62bbfd284272c928ceb64ddbde9",
        "type": "github"
      },
      "original": {
        "owner": "edolstra",
        "repo": "flake-compat",
        "type": "github"
      }
    },
    "flake-utils": {
      "locked": {
        "lastModified": 1667395993,
        "narHash": "sha256-nuEHfE/LcWyuSWnS8t12N1wc105Qtau+/OdUAjtQ0rA=",
        "owner": "numtide",
        "repo": "flake-utils",
        "rev": "5aed5285a952e0b949eb3ba02c12fa4fcfef535f",
        "type": "github"
      },
      "original": {
        "owner": "numtide",
        "repo": "flake-utils",
        "type": "github"
      }
    },
    "git-branchless": {
      "inputs": {
        "nixpkgs": "nixpkgs_2"
      },
      "locked": {
        "lastModified": 1693686671,
        "narHash": "sha256-AY2zBk1i7xnj7k6qF9MlWR7tOBC/Mf7ZcG7GcxCD5hQ=",
        "owner": "arxanas",
        "repo": "git-branchless",
        "rev": "8be477907231fb60c9f97a1a84ef9108d2d03693",
        "type": "github"
      },
      "original": {
        "owner": "arxanas",
        "repo": "git-branchless",
        "type": "github"
      }
    },
    "gitignore": {
      "inputs": {
        "nixpkgs": [
          "devenv",
          "pre-commit-hooks",
          "nixpkgs"
        ]
      },
      "locked": {
        "lastModified": 1660459072,
        "narHash": "sha256-8DFJjXG8zqoONA1vXtgeKXy68KdJL5UaXR8NtVMUbx8=",
        "owner": "hercules-ci",
        "repo": "gitignore.nix",
        "rev": "a20de23b925fd8264fd7fad6454652e142fd7f73",
        "type": "github"
      },
      "original": {
        "owner": "hercules-ci",
        "repo": "gitignore.nix",
        "type": "github"
      }
    },
    "home-manager": {
      "inputs": {
        "nixpkgs": [
          "nixpkgs"
        ]
      },
      "locked": {
        "lastModified": 1693713564,
        "narHash": "sha256-00w2uwb4O6Y1e2W5LG5UFyl1ZN3KFG7aoRdYEvT/BqA=",
        "owner": "nix-community",
        "repo": "home-manager",
        "rev": "8e49b883890ccb52c059abb152b00a416342ec1c",
        "type": "github"
      },
      "original": {
        "owner": "nix-community",
        "repo": "home-manager",
        "type": "github"
      }
    },
    "lowdown-src": {
      "flake": false,
      "locked": {
        "lastModified": 1633514407,
        "narHash": "sha256-Dw32tiMjdK9t3ETl5fzGrutQTzh2rufgZV4A/BbxuD4=",
        "owner": "kristapsdz",
        "repo": "lowdown",
        "rev": "d2c2b44ff6c27b936ec27358a2653caaef8f73b8",
        "type": "github"
      },
      "original": {
        "owner": "kristapsdz",
        "repo": "lowdown",
        "type": "github"
      }
    },
    "mozilla-overlay": {
      "locked": {
        "lastModified": 1690536331,
        "narHash": "sha256-aRIf2FB2GTdfF7gl13WyETmiV/J7EhBGkSWXfZvlxcA=",
        "owner": "mozilla",
        "repo": "nixpkgs-mozilla",
        "rev": "db89c8707edcffefcd8e738459d511543a339ff5",
        "type": "github"
      },
      "original": {
        "owner": "mozilla",
        "repo": "nixpkgs-mozilla",
        "type": "github"
      }
    },
    "mpvacious": {
      "flake": false,
      "locked": {
        "lastModified": 1692577649,
        "narHash": "sha256-bak0e6mTWcKIB0YNGeqwI8kkKa3bcHdmXCvVPn2YWMo=",
        "owner": "Ajatt-Tools",
        "repo": "mpvacious",
        "rev": "178674f605ad9a91b9925de5abb81880d8c70526",
        "type": "github"
      },
      "original": {
        "owner": "Ajatt-Tools",
        "repo": "mpvacious",
        "type": "github"
      }
    },
    "nix": {
      "inputs": {
        "lowdown-src": "lowdown-src",
        "nixpkgs": [
          "devenv",
          "nixpkgs"
        ],
        "nixpkgs-regression": "nixpkgs-regression"
      },
      "locked": {
        "lastModified": 1676545802,
        "narHash": "sha256-EK4rZ+Hd5hsvXnzSzk2ikhStJnD63odF7SzsQ8CuSPU=",
        "owner": "domenkozar",
        "repo": "nix",
        "rev": "7c91803598ffbcfe4a55c44ac6d49b2cf07a527f",
        "type": "github"
      },
      "original": {
        "owner": "domenkozar",
        "ref": "relaxed-flakes",
        "repo": "nix",
        "type": "github"
      }
    },
    "nixpkgs": {
      "locked": {
        "lastModified": 1678875422,
        "narHash": "sha256-T3o6NcQPwXjxJMn2shz86Chch4ljXgZn746c2caGxd8=",
        "owner": "NixOS",
        "repo": "nixpkgs",
        "rev": "126f49a01de5b7e35a43fd43f891ecf6d3a51459",
        "type": "github"
      },
      "original": {
        "owner": "NixOS",
        "ref": "nixpkgs-unstable",
        "repo": "nixpkgs",
        "type": "github"
      }
    },
    "nixpkgs-master": {
      "locked": {
        "lastModified": 1700006542,
        "narHash": "sha256-VFOAIi8PsGUizcqBOmic7Gjwk+L5Jc+FjlehR4HrK9U=",
        "owner": "nixos",
        "repo": "nixpkgs",
        "rev": "5268a6e24b38d3746df9c351f67087e0246b312a",
        "type": "github"
      },
      "original": {
        "owner": "nixos",
        "ref": "master",
        "repo": "nixpkgs",
        "type": "github"
      }
    },
    "nixpkgs-regression": {
      "locked": {
        "lastModified": 1643052045,
        "narHash": "sha256-uGJ0VXIhWKGXxkeNnq4TvV3CIOkUJ3PAoLZ3HMzNVMw=",
        "owner": "NixOS",
        "repo": "nixpkgs",
        "rev": "215d4d0fd80ca5163643b03a33fde804a29cc1e2",
        "type": "github"
      },
      "original": {
        "owner": "NixOS",
        "repo": "nixpkgs",
        "rev": "215d4d0fd80ca5163643b03a33fde804a29cc1e2",
        "type": "github"
      }
    },
    "nixpkgs-stable": {
      "locked": {
        "lastModified": 1678872516,
        "narHash": "sha256-/E1YwtMtFAu2KUQKV/1+KFuReYPANM2Rzehk84VxVoc=",
        "owner": "NixOS",
        "repo": "nixpkgs",
        "rev": "9b8e5abb18324c7fe9f07cb100c3cd4a29cda8b8",
        "type": "github"
      },
      "original": {
        "owner": "NixOS",
        "ref": "nixos-22.11",
        "repo": "nixpkgs",
        "type": "github"
      }
    },
    "nixpkgs_2": {
      "locked": {
        "lastModified": 1682109806,
        "narHash": "sha256-d9g7RKNShMLboTWwukM+RObDWWpHKaqTYXB48clBWXI=",
        "owner": "NixOS",
        "repo": "nixpkgs",
        "rev": "2362848adf8def2866fabbffc50462e929d7fffb",
        "type": "github"
      },
      "original": {
        "id": "nixpkgs",
        "type": "indirect"
      }
    },
    "nixpkgs_3": {
      "locked": {
        "lastModified": 1699725108,
        "narHash": "sha256-NTiPW4jRC+9puakU4Vi8WpFEirhp92kTOSThuZke+FA=",
        "owner": "nixos",
        "repo": "nixpkgs",
        "rev": "911ad1e67f458b6bcf0278fa85e33bb9924fed7e",
        "type": "github"
      },
      "original": {
        "owner": "nixos",
        "ref": "nixpkgs-unstable",
        "repo": "nixpkgs",
        "type": "github"
      }
    },
    "nur": {
      "locked": {
        "lastModified": 1693752070,
        "narHash": "sha256-EegZzsO5Nco5ZD1w0otB2qr6e91CeodEWHYh3tLafck=",
        "owner": "nix-community",
        "repo": "NUR",
        "rev": "fac951fbe4e8c2bec08e4ee3949c7d8284b4b991",
        "type": "github"
      },
      "original": {
        "owner": "nix-community",
        "repo": "NUR",
        "type": "github"
      }
    },
    "pre-commit-hooks": {
      "inputs": {
        "flake-compat": [
          "devenv",
          "flake-compat"
        ],
        "flake-utils": "flake-utils",
        "gitignore": "gitignore",
        "nixpkgs": [
          "devenv",
          "nixpkgs"
        ],
        "nixpkgs-stable": "nixpkgs-stable"
      },
      "locked": {
        "lastModified": 1686050334,
        "narHash": "sha256-R0mczWjDzBpIvM3XXhO908X5e2CQqjyh/gFbwZk/7/Q=",
        "owner": "cachix",
        "repo": "pre-commit-hooks.nix",
        "rev": "6881eb2ae5d8a3516e34714e7a90d9d95914c4dc",
        "type": "github"
      },
      "original": {
        "owner": "cachix",
        "repo": "pre-commit-hooks.nix",
        "type": "github"
      }
    },
    "root": {
      "inputs": {
        "darwin": "darwin",
        "devenv": "devenv",
        "git-branchless": "git-branchless",
        "home-manager": "home-manager",
        "mozilla-overlay": "mozilla-overlay",
        "mpvacious": "mpvacious",
        "nixpkgs": "nixpkgs_3",
        "nixpkgs-master": "nixpkgs-master",
        "nur": "nur",
        "zim-completion": "zim-completion",
        "zim-environment": "zim-environment",
        "zim-git": "zim-git",
        "zim-input": "zim-input",
        "zim-utility": "zim-utility",
        "zit": "zit",
        "zsh-async": "zsh-async",
        "zsh-autopair": "zsh-autopair",
        "zsh-completions": "zsh-completions",
        "zsh-history-substring-search": "zsh-history-substring-search",
        "zsh-pure": "zsh-pure",
        "zsh-syntax-highlighting": "zsh-syntax-highlighting",
        "zsh-system-clipboard": "zsh-system-clipboard"
      }
    },
    "zim-completion": {
      "flake": false,
      "locked": {
        "lastModified": 1678231634,
        "narHash": "sha256-k+MO31FuQ+W5RYJ0HgKmqvlzdGz1zkuWUf7l+WP5tbg=",
        "owner": "zimfw",
        "repo": "completion",
        "rev": "e544206fae7d08a9853a9dc34af2f840ed5753e4",
        "type": "github"
      },
      "original": {
        "owner": "zimfw",
        "repo": "completion",
        "type": "github"
      }
    },
    "zim-environment": {
      "flake": false,
      "locked": {
        "lastModified": 1638276188,
        "narHash": "sha256-B8Cki4uCcSce0xewZ91P9wCpA5+x/AlT1IwC+HVs6OI=",
        "owner": "zimfw",
        "repo": "environment",
        "rev": "d4bceaa3da89cd819843334dba1a5bf7dc137e14",
        "type": "github"
      },
      "original": {
        "owner": "zimfw",
        "repo": "environment",
        "type": "github"
      }
    },
    "zim-git": {
      "flake": false,
      "locked": {
        "lastModified": 1691417247,
        "narHash": "sha256-TU9l+wj6O5eus6l/vCUu5KJt3YKEAjpOiKSTIqMRfp8=",
        "owner": "zimfw",
        "repo": "git",
        "rev": "41550514356b808ff264ee42bec387a800b81cae",
        "type": "github"
      },
      "original": {
        "owner": "zimfw",
        "repo": "git",
        "type": "github"
      }
    },
    "zim-input": {
      "flake": false,
      "locked": {
        "lastModified": 1691680655,
        "narHash": "sha256-alS02tiio5hfNviAdJ/uOhoNs4ESr7+dxLaJIY4Os3A=",
        "owner": "zimfw",
        "repo": "input",
        "rev": "b2a8a80071dc781dd1b075a5161d2a0225140916",
        "type": "github"
      },
      "original": {
        "owner": "zimfw",
        "repo": "input",
        "type": "github"
      }
    },
    "zim-utility": {
      "flake": false,
      "locked": {
        "lastModified": 1689266099,
        "narHash": "sha256-QWaQ8laTj4+Lq4+JeEySaJOshq9R5foEtA7GbPr6vwc=",
        "owner": "zimfw",
        "repo": "utility",
        "rev": "e52d7415b848d7d3ce079dbe0bda798f8c4d7cde",
        "type": "github"
      },
      "original": {
        "owner": "zimfw",
        "repo": "utility",
        "type": "github"
      }
    },
    "zit": {
      "flake": false,
      "locked": {
        "lastModified": 1604344539,
        "narHash": "sha256-7CwxbMV9Xo3CNwwMMl3UgVCFAG45IhYwXxbn+fgssVU=",
        "owner": "thiagokokada",
        "repo": "zit",
        "rev": "15a02d6b0dc22b4d4e70cfec9242dee8501404ff",
        "type": "github"
      },
      "original": {
        "owner": "thiagokokada",
        "repo": "zit",
        "type": "github"
      }
    },
    "zsh-async": {
      "flake": false,
      "locked": {
        "lastModified": 1672955751,
        "narHash": "sha256-mkTmgSnfoZlTaOPhw0Y0yG1BkZv+oTo/eEisZZTN5nM=",
        "owner": "mafredri",
        "repo": "zsh-async",
        "rev": "ee1d11b68c38dec24c22b1c51a45e8a815a79756",
        "type": "github"
      },
      "original": {
        "owner": "mafredri",
        "repo": "zsh-async",
        "type": "github"
      }
    },
    "zsh-autopair": {
      "flake": false,
      "locked": {
        "lastModified": 1664801964,
        "narHash": "sha256-PXHxPxFeoYXYMOC29YQKDdMnqTO0toyA7eJTSCV6PGE=",
        "owner": "hlissner",
        "repo": "zsh-autopair",
        "rev": "396c38a7468458ba29011f2ad4112e4fd35f78e6",
        "type": "github"
      },
      "original": {
        "owner": "hlissner",
        "repo": "zsh-autopair",
        "type": "github"
      }
    },
    "zsh-completions": {
      "flake": false,
      "locked": {
        "lastModified": 1693533347,
        "narHash": "sha256-rzLPgRieTBwmv6kLczrRN+sikU+xwmXXde2nZ9TA41M=",
        "owner": "zsh-users",
        "repo": "zsh-completions",
        "rev": "ab99231c263904ed39def379f32077a210f78c00",
        "type": "github"
      },
      "original": {
        "owner": "zsh-users",
        "repo": "zsh-completions",
        "type": "github"
      }
    },
    "zsh-history-substring-search": {
      "flake": false,
      "locked": {
        "lastModified": 1672773944,
        "narHash": "sha256-GSEvgvgWi1rrsgikTzDXokHTROoyPRlU0FVpAoEmXG4=",
        "owner": "zsh-users",
        "repo": "zsh-history-substring-search",
        "rev": "400e58a87f72ecec14f783fbd29bc6be4ff1641c",
        "type": "github"
      },
      "original": {
        "owner": "zsh-users",
        "repo": "zsh-history-substring-search",
        "type": "github"
      }
    },
    "zsh-pure": {
      "flake": false,
      "locked": {
        "lastModified": 1687718525,
        "narHash": "sha256-TR4CyBZ+KoZRs9XDmWE5lJuUXXU1J8E2Z63nt+FS+5w=",
        "owner": "sindresorhus",
        "repo": "pure",
        "rev": "87e6f5dd4c793f6d980532205aaefe196780606f",
        "type": "github"
      },
      "original": {
        "owner": "sindresorhus",
        "repo": "pure",
        "type": "github"
      }
    },
    "zsh-syntax-highlighting": {
      "flake": false,
      "locked": {
        "lastModified": 1685766260,
        "narHash": "sha256-iKx7lsQCoSAbpANYFkNVCZlTFdwOEI34rx/h1rnraSg=",
        "owner": "zsh-users",
        "repo": "zsh-syntax-highlighting",
        "rev": "1386f1213eb0b0589d73cd3cf7c56e6a972a9bfd",
        "type": "github"
      },
      "original": {
        "owner": "zsh-users",
        "repo": "zsh-syntax-highlighting",
        "type": "github"
      }
    },
    "zsh-system-clipboard": {
      "flake": false,
      "locked": {
        "lastModified": 1685281811,
        "narHash": "sha256-55cX+MOBwxG8jpDmc2FjcWfIq0MKb9219b5gDRZs3Ek=",
        "owner": "kutsan",
        "repo": "zsh-system-clipboard",
        "rev": "b29d6009ab05534629834f4c4845f6e169f121a0",
        "type": "github"
      },
      "original": {
        "owner": "kutsan",
        "repo": "zsh-system-clipboard",
        "type": "github"
      }
    }
  },
  "root": "root",
  "version": 7
}
