{
  "nodes": {
    "darwin": {
      "inputs": {
        "nixpkgs": [
          "nixpkgs"
        ]
      },
      "locked": {
        "lastModified": 1688307440,
        "narHash": "sha256-7PTjbN+/+b799YN7Tk2SS5Vh8A0L3gBo8hmB7Y0VXug=",
        "owner": "lnl7",
        "repo": "nix-darwin",
        "rev": "b06bab83bdf285ea0ae3c8e145a081eb95959047",
        "type": "github"
      },
      "original": {
        "owner": "lnl7",
        "ref": "master",
        "repo": "nix-darwin",
        "type": "github"
      }
    },
    "devenv": {
      "inputs": {
        "flake-compat": "flake-compat",
        "nix": "nix",
        "nixpkgs": "nixpkgs",
        "pre-commit-hooks": "pre-commit-hooks"
      },
      "locked": {
        "lastModified": 1688058187,
        "narHash": "sha256-ipDcc7qrucpJ0+0eYNlwnE+ISTcq4m03qW+CWUshRXI=",
        "owner": "cachix",
        "repo": "devenv",
        "rev": "c8778e3dc30eb9043e218aaa3861d42d4992de77",
        "type": "github"
      },
      "original": {
        "owner": "cachix",
        "ref": "latest",
        "repo": "devenv",
        "type": "github"
      }
    },
    "flake-compat": {
      "flake": false,
      "locked": {
        "lastModified": 1673956053,
        "narHash": "sha256-4gtG9iQuiKITOjNQQeQIpoIB6b16fm+504Ch3sNKLd8=",
        "owner": "edolstra",
        "repo": "flake-compat",
        "rev": "35bb57c0c8d8b62bbfd284272c928ceb64ddbde9",
        "type": "github"
      },
      "original": {
        "owner": "edolstra",
        "repo": "flake-compat",
        "type": "github"
      }
    },
    "flake-utils": {
      "locked": {
        "lastModified": 1667395993,
        "narHash": "sha256-nuEHfE/LcWyuSWnS8t12N1wc105Qtau+/OdUAjtQ0rA=",
        "owner": "numtide",
        "repo": "flake-utils",
        "rev": "5aed5285a952e0b949eb3ba02c12fa4fcfef535f",
        "type": "github"
      },
      "original": {
        "owner": "numtide",
        "repo": "flake-utils",
        "type": "github"
      }
    },
    "git-branchless": {
      "inputs": {
        "nixpkgs": "nixpkgs_2"
      },
      "locked": {
        "lastModified": 1688510423,
        "narHash": "sha256-K9Ogbd63nCic5KCwNh6/mGCtKcFjvUJc4VIyDG04p90=",
        "owner": "arxanas",
        "repo": "git-branchless",
        "rev": "1b8ee7e4f471ab4a8e73119adde43021b93bf185",
        "type": "github"
      },
      "original": {
        "owner": "arxanas",
        "repo": "git-branchless",
        "type": "github"
      }
    },
    "gitignore": {
      "inputs": {
        "nixpkgs": [
          "devenv",
          "pre-commit-hooks",
          "nixpkgs"
        ]
      },
      "locked": {
        "lastModified": 1660459072,
        "narHash": "sha256-8DFJjXG8zqoONA1vXtgeKXy68KdJL5UaXR8NtVMUbx8=",
        "owner": "hercules-ci",
        "repo": "gitignore.nix",
        "rev": "a20de23b925fd8264fd7fad6454652e142fd7f73",
        "type": "github"
      },
      "original": {
        "owner": "hercules-ci",
        "repo": "gitignore.nix",
        "type": "github"
      }
    },
    "home-manager": {
      "inputs": {
        "nixpkgs": [
          "nixpkgs"
        ]
      },
      "locked": {
        "lastModified": 1688812654,
        "narHash": "sha256-SPuKfCTrXRmqDnfDHWiJPHQzaXRdet/0LV0qUt2pe1Q=",
        "owner": "nix-community",
        "repo": "home-manager",
        "rev": "24805d3ca73f7d4c34239efaa1c73d2d4558a8ea",
        "type": "github"
      },
      "original": {
        "owner": "nix-community",
        "repo": "home-manager",
        "type": "github"
      }
    },
    "lowdown-src": {
      "flake": false,
      "locked": {
        "lastModified": 1633514407,
        "narHash": "sha256-Dw32tiMjdK9t3ETl5fzGrutQTzh2rufgZV4A/BbxuD4=",
        "owner": "kristapsdz",
        "repo": "lowdown",
        "rev": "d2c2b44ff6c27b936ec27358a2653caaef8f73b8",
        "type": "github"
      },
      "original": {
        "owner": "kristapsdz",
        "repo": "lowdown",
        "type": "github"
      }
    },
    "mozilla-overlay": {
      "locked": {
        "lastModified": 1687771476,
        "narHash": "sha256-TSpqz6qYVRoqkEdOCawEQ4/cWt/4pracmvw17HK1tgE=",
        "owner": "mozilla",
        "repo": "nixpkgs-mozilla",
        "rev": "3a44b8783514e7d6db4b63df96071b6c2b014b07",
        "type": "github"
      },
      "original": {
        "owner": "mozilla",
        "repo": "nixpkgs-mozilla",
        "type": "github"
      }
    },
    "mpvacious": {
      "flake": false,
      "locked": {
        "lastModified": 1688687399,
        "narHash": "sha256-FcZ4cMAjL29/yxj2tx6DV7y0miTK/KoTHL1YE0YyA/M=",
        "owner": "Ajatt-Tools",
        "repo": "mpvacious",
        "rev": "b295dc36536ab777f12b9454d30ae55e95fd164b",
        "type": "github"
      },
      "original": {
        "owner": "Ajatt-Tools",
        "repo": "mpvacious",
        "type": "github"
      }
    },
    "nix": {
      "inputs": {
        "lowdown-src": "lowdown-src",
        "nixpkgs": [
          "devenv",
          "nixpkgs"
        ],
        "nixpkgs-regression": "nixpkgs-regression"
      },
      "locked": {
        "lastModified": 1676545802,
        "narHash": "sha256-EK4rZ+Hd5hsvXnzSzk2ikhStJnD63odF7SzsQ8CuSPU=",
        "owner": "domenkozar",
        "repo": "nix",
        "rev": "7c91803598ffbcfe4a55c44ac6d49b2cf07a527f",
        "type": "github"
      },
      "original": {
        "owner": "domenkozar",
        "ref": "relaxed-flakes",
        "repo": "nix",
        "type": "github"
      }
    },
    "nixpkgs": {
      "locked": {
        "lastModified": 1678875422,
        "narHash": "sha256-T3o6NcQPwXjxJMn2shz86Chch4ljXgZn746c2caGxd8=",
        "owner": "NixOS",
        "repo": "nixpkgs",
        "rev": "126f49a01de5b7e35a43fd43f891ecf6d3a51459",
        "type": "github"
      },
      "original": {
        "owner": "NixOS",
        "ref": "nixpkgs-unstable",
        "repo": "nixpkgs",
        "type": "github"
      }
    },
    "nixpkgs-master": {
      "locked": {
        "lastModified": 1688819092,
        "narHash": "sha256-avWs2YtOK/mq4qsfWzskLa3BLNdbkQ6I+j//HR5wgwY=",
        "owner": "nixos",
        "repo": "nixpkgs",
        "rev": "a0930d1a13200ad760f156a7bfbfcb79a83ab32a",
        "type": "github"
      },
      "original": {
        "owner": "nixos",
        "ref": "master",
        "repo": "nixpkgs",
        "type": "github"
      }
    },
    "nixpkgs-regression": {
      "locked": {
        "lastModified": 1643052045,
        "narHash": "sha256-uGJ0VXIhWKGXxkeNnq4TvV3CIOkUJ3PAoLZ3HMzNVMw=",
        "owner": "NixOS",
        "repo": "nixpkgs",
        "rev": "215d4d0fd80ca5163643b03a33fde804a29cc1e2",
        "type": "github"
      },
      "original": {
        "owner": "NixOS",
        "repo": "nixpkgs",
        "rev": "215d4d0fd80ca5163643b03a33fde804a29cc1e2",
        "type": "github"
      }
    },
    "nixpkgs-stable": {
      "locked": {
        "lastModified": 1678872516,
        "narHash": "sha256-/E1YwtMtFAu2KUQKV/1+KFuReYPANM2Rzehk84VxVoc=",
        "owner": "NixOS",
        "repo": "nixpkgs",
        "rev": "9b8e5abb18324c7fe9f07cb100c3cd4a29cda8b8",
        "type": "github"
      },
      "original": {
        "owner": "NixOS",
        "ref": "nixos-22.11",
        "repo": "nixpkgs",
        "type": "github"
      }
    },
    "nixpkgs_2": {
      "locked": {
        "lastModified": 1682109806,
        "narHash": "sha256-d9g7RKNShMLboTWwukM+RObDWWpHKaqTYXB48clBWXI=",
        "owner": "NixOS",
        "repo": "nixpkgs",
        "rev": "2362848adf8def2866fabbffc50462e929d7fffb",
        "type": "github"
      },
      "original": {
        "id": "nixpkgs",
        "type": "indirect"
      }
    },
    "nixpkgs_3": {
      "locked": {
        "lastModified": 1688798537,
        "narHash": "sha256-+3QEnDgBiso8lgUJpMagn6xCujmarc6zCWfKYAd6nqU=",
        "owner": "nixos",
        "repo": "nixpkgs",
        "rev": "842e90934a352f517d23963df3ec0474612e483c",
        "type": "github"
      },
      "original": {
        "owner": "nixos",
        "ref": "nixpkgs-unstable",
        "repo": "nixpkgs",
        "type": "github"
      }
    },
    "nur": {
      "locked": {
        "lastModified": 1688816420,
        "narHash": "sha256-NpqfSQaWgtsjFdTBNIEZwm0iwfZP6PFDJGNi+Ac1Aek=",
        "owner": "nix-community",
        "repo": "NUR",
        "rev": "20800576c1d6709b65dff4d7c043be7f097e632a",
        "type": "github"
      },
      "original": {
        "owner": "nix-community",
        "repo": "NUR",
        "type": "github"
      }
    },
    "pre-commit-hooks": {
      "inputs": {
        "flake-compat": [
          "devenv",
          "flake-compat"
        ],
        "flake-utils": "flake-utils",
        "gitignore": "gitignore",
        "nixpkgs": [
          "devenv",
          "nixpkgs"
        ],
        "nixpkgs-stable": "nixpkgs-stable"
      },
      "locked": {
        "lastModified": 1686050334,
        "narHash": "sha256-R0mczWjDzBpIvM3XXhO908X5e2CQqjyh/gFbwZk/7/Q=",
        "owner": "cachix",
        "repo": "pre-commit-hooks.nix",
        "rev": "6881eb2ae5d8a3516e34714e7a90d9d95914c4dc",
        "type": "github"
      },
      "original": {
        "owner": "cachix",
        "repo": "pre-commit-hooks.nix",
        "type": "github"
      }
    },
    "root": {
      "inputs": {
        "darwin": "darwin",
        "devenv": "devenv",
        "git-branchless": "git-branchless",
        "home-manager": "home-manager",
        "mozilla-overlay": "mozilla-overlay",
        "mpvacious": "mpvacious",
        "nixpkgs": "nixpkgs_3",
        "nixpkgs-master": "nixpkgs-master",
        "nur": "nur",
        "zim-completion": "zim-completion",
        "zim-environment": "zim-environment",
        "zim-git": "zim-git",
        "zim-input": "zim-input",
        "zim-utility": "zim-utility",
        "zit": "zit",
        "zsh-async": "zsh-async",
        "zsh-autopair": "zsh-autopair",
        "zsh-completions": "zsh-completions",
        "zsh-history-substring-search": "zsh-history-substring-search",
        "zsh-pure": "zsh-pure",
        "zsh-syntax-highlighting": "zsh-syntax-highlighting",
        "zsh-system-clipboard": "zsh-system-clipboard"
      }
    },
    "zim-completion": {
      "flake": false,
      "locked": {
        "lastModified": 1678231634,
        "narHash": "sha256-k+MO31FuQ+W5RYJ0HgKmqvlzdGz1zkuWUf7l+WP5tbg=",
        "owner": "zimfw",
        "repo": "completion",
        "rev": "e544206fae7d08a9853a9dc34af2f840ed5753e4",
        "type": "github"
      },
      "original": {
        "owner": "zimfw",
        "repo": "completion",
        "type": "github"
      }
    },
    "zim-environment": {
      "flake": false,
      "locked": {
        "lastModified": 1638276188,
        "narHash": "sha256-B8Cki4uCcSce0xewZ91P9wCpA5+x/AlT1IwC+HVs6OI=",
        "owner": "zimfw",
        "repo": "environment",
        "rev": "d4bceaa3da89cd819843334dba1a5bf7dc137e14",
        "type": "github"
      },
      "original": {
        "owner": "zimfw",
        "repo": "environment",
        "type": "github"
      }
    },
    "zim-git": {
      "flake": false,
      "locked": {
        "lastModified": 1688745935,
        "narHash": "sha256-yLpz9o9rQywhoSo0KVZ802Q7H9i8g+pjnkg286QOdrs=",
        "owner": "zimfw",
        "repo": "git",
        "rev": "c6dca1305239f593b9d4924e8e2d0859d2e7d73d",
        "type": "github"
      },
      "original": {
        "owner": "zimfw",
        "repo": "git",
        "type": "github"
      }
    },
    "zim-input": {
      "flake": false,
      "locked": {
        "lastModified": 1652223425,
        "narHash": "sha256-jH1aTY7vvbA5zygdwUhOloREwjOPftXU/GGuxElTvFE=",
        "owner": "zimfw",
        "repo": "input",
        "rev": "bcff8c8504ea7efd0fc8c696dfdc8762e4bfbbb6",
        "type": "github"
      },
      "original": {
        "owner": "zimfw",
        "repo": "input",
        "type": "github"
      }
    },
    "zim-utility": {
      "flake": false,
      "locked": {
        "lastModified": 1658674995,
        "narHash": "sha256-GmiaToncT/C4/qoN+9ierFY54FGZejUvlomDZoi9qH8=",
        "owner": "zimfw",
        "repo": "utility",
        "rev": "2696a4da0dfb901753f92c071437606c5156cc0f",
        "type": "github"
      },
      "original": {
        "owner": "zimfw",
        "repo": "utility",
        "type": "github"
      }
    },
    "zit": {
      "flake": false,
      "locked": {
        "lastModified": 1604344539,
        "narHash": "sha256-7CwxbMV9Xo3CNwwMMl3UgVCFAG45IhYwXxbn+fgssVU=",
        "owner": "thiagokokada",
        "repo": "zit",
        "rev": "15a02d6b0dc22b4d4e70cfec9242dee8501404ff",
        "type": "github"
      },
      "original": {
        "owner": "thiagokokada",
        "repo": "zit",
        "type": "github"
      }
    },
    "zsh-async": {
      "flake": false,
      "locked": {
        "lastModified": 1672955751,
        "narHash": "sha256-mkTmgSnfoZlTaOPhw0Y0yG1BkZv+oTo/eEisZZTN5nM=",
        "owner": "mafredri",
        "repo": "zsh-async",
        "rev": "ee1d11b68c38dec24c22b1c51a45e8a815a79756",
        "type": "github"
      },
      "original": {
        "owner": "mafredri",
        "repo": "zsh-async",
        "type": "github"
      }
    },
    "zsh-autopair": {
      "flake": false,
      "locked": {
        "lastModified": 1664801964,
        "narHash": "sha256-PXHxPxFeoYXYMOC29YQKDdMnqTO0toyA7eJTSCV6PGE=",
        "owner": "hlissner",
        "repo": "zsh-autopair",
        "rev": "396c38a7468458ba29011f2ad4112e4fd35f78e6",
        "type": "github"
      },
      "original": {
        "owner": "hlissner",
        "repo": "zsh-autopair",
        "type": "github"
      }
    },
    "zsh-completions": {
      "flake": false,
      "locked": {
        "lastModified": 1688258532,
        "narHash": "sha256-wUlWy0FqZyluqxnRT7LD57lhEJYZ6Zkm99j99J1ppUE=",
        "owner": "zsh-users",
        "repo": "zsh-completions",
        "rev": "5328eb7c01270417ad6d0ce75682dea00dfa18f2",
        "type": "github"
      },
      "original": {
        "owner": "zsh-users",
        "repo": "zsh-completions",
        "type": "github"
      }
    },
    "zsh-history-substring-search": {
      "flake": false,
      "locked": {
        "lastModified": 1672773944,
        "narHash": "sha256-GSEvgvgWi1rrsgikTzDXokHTROoyPRlU0FVpAoEmXG4=",
        "owner": "zsh-users",
        "repo": "zsh-history-substring-search",
        "rev": "400e58a87f72ecec14f783fbd29bc6be4ff1641c",
        "type": "github"
      },
      "original": {
        "owner": "zsh-users",
        "repo": "zsh-history-substring-search",
        "type": "github"
      }
    },
    "zsh-pure": {
      "flake": false,
      "locked": {
        "lastModified": 1687718525,
        "narHash": "sha256-TR4CyBZ+KoZRs9XDmWE5lJuUXXU1J8E2Z63nt+FS+5w=",
        "owner": "sindresorhus",
        "repo": "pure",
        "rev": "87e6f5dd4c793f6d980532205aaefe196780606f",
        "type": "github"
      },
      "original": {
        "owner": "sindresorhus",
        "repo": "pure",
        "type": "github"
      }
    },
    "zsh-syntax-highlighting": {
      "flake": false,
      "locked": {
        "lastModified": 1685766260,
        "narHash": "sha256-iKx7lsQCoSAbpANYFkNVCZlTFdwOEI34rx/h1rnraSg=",
        "owner": "zsh-users",
        "repo": "zsh-syntax-highlighting",
        "rev": "1386f1213eb0b0589d73cd3cf7c56e6a972a9bfd",
        "type": "github"
      },
      "original": {
        "owner": "zsh-users",
        "repo": "zsh-syntax-highlighting",
        "type": "github"
      }
    },
    "zsh-system-clipboard": {
      "flake": false,
      "locked": {
        "lastModified": 1685281811,
        "narHash": "sha256-55cX+MOBwxG8jpDmc2FjcWfIq0MKb9219b5gDRZs3Ek=",
        "owner": "kutsan",
        "repo": "zsh-system-clipboard",
        "rev": "b29d6009ab05534629834f4c4845f6e169f121a0",
        "type": "github"
      },
      "original": {
        "owner": "kutsan",
        "repo": "zsh-system-clipboard",
        "type": "github"
      }
    }
  },
  "root": "root",
  "version": 7
}
