{
  "nodes": {
    "emacs-mac": {
      "flake": false,
      "locked": {
        "lastModified": 1643533924,
        "narHash": "sha256-Tc3aMK7yH5BkPI61RsdJqh8KOcQL7a1tkmZuRX5zI7I=",
        "ref": "work",
        "rev": "674407ff3a023c5c8faaab019563814e4aa697a1",
        "revCount": 152165,
        "type": "git",
        "url": "https://bitbucket.org/mituharu/emacs-mac.git"
      },
      "original": {
        "ref": "work",
        "type": "git",
        "url": "https://bitbucket.org/mituharu/emacs-mac.git"
      }
    },
    "flake-utils": {
      "locked": {
        "lastModified": 1642700792,
        "narHash": "sha256-XqHrk7hFb+zBvRg6Ghl+AZDq03ov6OshJLiSWOoX5es=",
        "owner": "numtide",
        "repo": "flake-utils",
        "rev": "846b2ae0fc4cc943637d3d1def4454213e203cba",
        "type": "github"
      },
      "original": {
        "owner": "numtide",
        "repo": "flake-utils",
        "type": "github"
      }
    },
    "nixpkgs": {
      "locked": {
        "lastModified": 1643381941,
        "narHash": "sha256-pHTwvnN4tTsEKkWlXQ8JMY423epos8wUOhthpwJjtpc=",
        "owner": "nixos",
        "repo": "nixpkgs",
        "rev": "5efc8ca954272c4376ac929f4c5ffefcc20551d5",
        "type": "github"
      },
      "original": {
        "owner": "nixos",
        "ref": "nixpkgs-unstable",
        "repo": "nixpkgs",
        "type": "github"
      }
    },
    "root": {
      "inputs": {
        "emacs-mac": "emacs-mac",
        "flake-utils": "flake-utils",
        "nixpkgs": "nixpkgs"
      }
    }
  },
  "root": "root",
  "version": 7
}
